// !$*UTF8*$!
{
	archiveVersion = 1;
	classes = {
	};
	objectVersion = 46;
	objects = {

/* Begin PBXBuildFile section */
		840C19F71BA99A8C00546E9E /* XPCConection.swift in Sources */ = {isa = PBXBuildFile; fileRef = 840C19F61BA99A8C00546E9E /* XPCConection.swift */; };
		840C19F91BA99BE500546E9E /* ImageLoadProtocol.swift in Sources */ = {isa = PBXBuildFile; fileRef = 840C19F81BA99BE500546E9E /* ImageLoadProtocol.swift */; };
		846971E91BAC8A400089B4DB /* XPCServiceProtocol.swift in Sources */ = {isa = PBXBuildFile; fileRef = 846971E81BAC8A400089B4DB /* XPCServiceProtocol.swift */; };
		846971EB1BAC8A620089B4DB /* XPCService.swift in Sources */ = {isa = PBXBuildFile; fileRef = 846971EA1BAC8A620089B4DB /* XPCService.swift */; };
		84EE681F1BA5B374006469F3 /* AppDelegate.swift in Sources */ = {isa = PBXBuildFile; fileRef = 84EE681E1BA5B374006469F3 /* AppDelegate.swift */; };
		84EE68211BA5B374006469F3 /* ViewController.swift in Sources */ = {isa = PBXBuildFile; fileRef = 84EE68201BA5B374006469F3 /* ViewController.swift */; };
		84EE68231BA5B374006469F3 /* Images.xcassets in Resources */ = {isa = PBXBuildFile; fileRef = 84EE68221BA5B374006469F3 /* Images.xcassets */; };
		84EE68261BA5B374006469F3 /* Main.storyboard in Resources */ = {isa = PBXBuildFile; fileRef = 84EE68241BA5B374006469F3 /* Main.storyboard */; };
		84EE68321BA5B374006469F3 /* SimpleXPCServiceTests.swift in Sources */ = {isa = PBXBuildFile; fileRef = 84EE68311BA5B374006469F3 /* SimpleXPCServiceTests.swift */; };
		84EE68461BA5B532006469F3 /* XPCService.m in Sources */ = {isa = PBXBuildFile; fileRef = 84EE68451BA5B532006469F3 /* XPCService.m */; };
		84EE68481BA5B532006469F3 /* main.m in Sources */ = {isa = PBXBuildFile; fileRef = 84EE68471BA5B532006469F3 /* main.m */; };
		84EE684C1BA5B532006469F3 /* XPCService.xpc in Embed XPC Services */ = {isa = PBXBuildFile; fileRef = 84EE683F1BA5B532006469F3 /* XPCService.xpc */; settings = {ATTRIBUTES = (RemoveHeadersOnCopy, ); }; };
/* End PBXBuildFile section */

/* Begin PBXContainerItemProxy section */
		84EE682C1BA5B374006469F3 /* PBXContainerItemProxy */ = {
			isa = PBXContainerItemProxy;
			containerPortal = 84EE68111BA5B374006469F3 /* Project object */;
			proxyType = 1;
			remoteGlobalIDString = 84EE68181BA5B374006469F3;
			remoteInfo = SimpleXPCService;
		};
		84EE68491BA5B532006469F3 /* PBXContainerItemProxy */ = {
			isa = PBXContainerItemProxy;
			containerPortal = 84EE68111BA5B374006469F3 /* Project object */;
			proxyType = 1;
			remoteGlobalIDString = 84EE683E1BA5B532006469F3;
			remoteInfo = XPCService;
		};
/* End PBXContainerItemProxy section */

/* Begin PBXCopyFilesBuildPhase section */
		84EE684B1BA5B532006469F3 /* Embed XPC Services */ = {
			isa = PBXCopyFilesBuildPhase;
			buildActionMask = 2147483647;
			dstPath = "$(CONTENTS_FOLDER_PATH)/XPCServices";
			dstSubfolderSpec = 16;
			files = (
				84EE684C1BA5B532006469F3 /* XPCService.xpc in Embed XPC Services */,
			);
			name = "Embed XPC Services";
			runOnlyForDeploymentPostprocessing = 0;
		};
/* End PBXCopyFilesBuildPhase section */

/* Begin PBXFileReference section */
		840C19F61BA99A8C00546E9E /* XPCConection.swift */ = {isa = PBXFileReference; fileEncoding = 4; lastKnownFileType = sourcecode.swift; path = XPCConection.swift; sourceTree = "<group>"; };
		840C19F81BA99BE500546E9E /* ImageLoadProtocol.swift */ = {isa = PBXFileReference; fileEncoding = 4; lastKnownFileType = sourcecode.swift; path = ImageLoadProtocol.swift; sourceTree = "<group>"; };
		846971E71BAC8A400089B4DB /* XPCService-Bridging-Header.h */ = {isa = PBXFileReference; lastKnownFileType = sourcecode.c.h; path = "XPCService-Bridging-Header.h"; sourceTree = "<group>"; };
		846971E81BAC8A400089B4DB /* XPCServiceProtocol.swift */ = {isa = PBXFileReference; fileEncoding = 4; lastKnownFileType = sourcecode.swift; path = XPCServiceProtocol.swift; sourceTree = "<group>"; };
		846971EA1BAC8A620089B4DB /* XPCService.swift */ = {isa = PBXFileReference; fileEncoding = 4; lastKnownFileType = sourcecode.swift; path = XPCService.swift; sourceTree = "<group>"; };
		84EE68191BA5B374006469F3 /* SimpleXPCService.app */ = {isa = PBXFileReference; explicitFileType = wrapper.application; includeInIndex = 0; path = SimpleXPCService.app; sourceTree = BUILT_PRODUCTS_DIR; };
		84EE681D1BA5B374006469F3 /* Info.plist */ = {isa = PBXFileReference; lastKnownFileType = text.plist.xml; path = Info.plist; sourceTree = "<group>"; };
		84EE681E1BA5B374006469F3 /* AppDelegate.swift */ = {isa = PBXFileReference; lastKnownFileType = sourcecode.swift; path = AppDelegate.swift; sourceTree = "<group>"; };
		84EE68201BA5B374006469F3 /* ViewController.swift */ = {isa = PBXFileReference; lastKnownFileType = sourcecode.swift; path = ViewController.swift; sourceTree = "<group>"; };
		84EE68221BA5B374006469F3 /* Images.xcassets */ = {isa = PBXFileReference; lastKnownFileType = folder.assetcatalog; path = Images.xcassets; sourceTree = "<group>"; };
		84EE68251BA5B374006469F3 /* Base */ = {isa = PBXFileReference; lastKnownFileType = file.storyboard; name = Base; path = Base.lproj/Main.storyboard; sourceTree = "<group>"; };
		84EE682B1BA5B374006469F3 /* SimpleXPCServiceTests.xctest */ = {isa = PBXFileReference; explicitFileType = wrapper.cfbundle; includeInIndex = 0; path = SimpleXPCServiceTests.xctest; sourceTree = BUILT_PRODUCTS_DIR; };
		84EE68301BA5B374006469F3 /* Info.plist */ = {isa = PBXFileReference; lastKnownFileType = text.plist.xml; path = Info.plist; sourceTree = "<group>"; };
		84EE68311BA5B374006469F3 /* SimpleXPCServiceTests.swift */ = {isa = PBXFileReference; lastKnownFileType = sourcecode.swift; path = SimpleXPCServiceTests.swift; sourceTree = "<group>"; };
		84EE683F1BA5B532006469F3 /* XPCService.xpc */ = {isa = PBXFileReference; explicitFileType = "wrapper.xpc-service"; includeInIndex = 0; path = XPCService.xpc; sourceTree = BUILT_PRODUCTS_DIR; };
		84EE68421BA5B532006469F3 /* Info.plist */ = {isa = PBXFileReference; lastKnownFileType = text.plist.xml; path = Info.plist; sourceTree = "<group>"; };
		84EE68431BA5B532006469F3 /* XPCServiceProtocol.h */ = {isa = PBXFileReference; lastKnownFileType = sourcecode.c.h; path = XPCServiceProtocol.h; sourceTree = "<group>"; };
		84EE68441BA5B532006469F3 /* XPCService.h */ = {isa = PBXFileReference; lastKnownFileType = sourcecode.c.h; path = XPCService.h; sourceTree = "<group>"; };
		84EE68451BA5B532006469F3 /* XPCService.m */ = {isa = PBXFileReference; lastKnownFileType = sourcecode.c.objc; path = XPCService.m; sourceTree = "<group>"; };
		84EE68471BA5B532006469F3 /* main.m */ = {isa = PBXFileReference; lastKnownFileType = sourcecode.c.objc; path = main.m; sourceTree = "<group>"; };
/* End PBXFileReference section */

/* Begin PBXFrameworksBuildPhase section */
		84EE68161BA5B374006469F3 /* Frameworks */ = {
			isa = PBXFrameworksBuildPhase;
			buildActionMask = 2147483647;
			files = (
			);
			runOnlyForDeploymentPostprocessing = 0;
		};
		84EE68281BA5B374006469F3 /* Frameworks */ = {
			isa = PBXFrameworksBuildPhase;
			buildActionMask = 2147483647;
			files = (
			);
			runOnlyForDeploymentPostprocessing = 0;
		};
		84EE683C1BA5B532006469F3 /* Frameworks */ = {
			isa = PBXFrameworksBuildPhase;
			buildActionMask = 2147483647;
			files = (
			);
			runOnlyForDeploymentPostprocessing = 0;
		};
/* End PBXFrameworksBuildPhase section */

/* Begin PBXGroup section */
		84EE68101BA5B374006469F3 = {
			isa = PBXGroup;
			children = (
				84EE681B1BA5B374006469F3 /* SimpleXPCService */,
				84EE682E1BA5B374006469F3 /* SimpleXPCServiceTests */,
				84EE68401BA5B532006469F3 /* XPCService */,
				84EE681A1BA5B374006469F3 /* Products */,
			);
			sourceTree = "<group>";
		};
		84EE681A1BA5B374006469F3 /* Products */ = {
			isa = PBXGroup;
			children = (
				84EE68191BA5B374006469F3 /* SimpleXPCService.app */,
				84EE682B1BA5B374006469F3 /* SimpleXPCServiceTests.xctest */,
				84EE683F1BA5B532006469F3 /* XPCService.xpc */,
			);
			name = Products;
			sourceTree = "<group>";
		};
		84EE681B1BA5B374006469F3 /* SimpleXPCService */ = {
			isa = PBXGroup;
			children = (
				84EE681E1BA5B374006469F3 /* AppDelegate.swift */,
				840C19F61BA99A8C00546E9E /* XPCConection.swift */,
				84EE68201BA5B374006469F3 /* ViewController.swift */,
				84EE68221BA5B374006469F3 /* Images.xcassets */,
				84EE68241BA5B374006469F3 /* Main.storyboard */,
				84EE681C1BA5B374006469F3 /* Supporting Files */,
				840C19F81BA99BE500546E9E /* ImageLoadProtocol.swift */,
			);
			path = SimpleXPCService;
			sourceTree = "<group>";
		};
		84EE681C1BA5B374006469F3 /* Supporting Files */ = {
			isa = PBXGroup;
			children = (
				84EE681D1BA5B374006469F3 /* Info.plist */,
			);
			name = "Supporting Files";
			sourceTree = "<group>";
		};
		84EE682E1BA5B374006469F3 /* SimpleXPCServiceTests */ = {
			isa = PBXGroup;
			children = (
				84EE68311BA5B374006469F3 /* SimpleXPCServiceTests.swift */,
				84EE682F1BA5B374006469F3 /* Supporting Files */,
			);
			path = SimpleXPCServiceTests;
			sourceTree = "<group>";
		};
		84EE682F1BA5B374006469F3 /* Supporting Files */ = {
			isa = PBXGroup;
			children = (
				84EE68301BA5B374006469F3 /* Info.plist */,
			);
			name = "Supporting Files";
			sourceTree = "<group>";
		};
		84EE68401BA5B532006469F3 /* XPCService */ = {
			isa = PBXGroup;
			children = (
				846971E71BAC8A400089B4DB /* XPCService-Bridging-Header.h */,
				84EE68431BA5B532006469F3 /* XPCServiceProtocol.h */,
				84EE68441BA5B532006469F3 /* XPCService.h */,
				84EE68451BA5B532006469F3 /* XPCService.m */,
				84EE68471BA5B532006469F3 /* main.m */,
				84EE68411BA5B532006469F3 /* Supporting Files */,
			);
			path = XPCService;
			sourceTree = "<group>";
		};
		84EE68411BA5B532006469F3 /* Supporting Files */ = {
			isa = PBXGroup;
			children = (
				84EE68421BA5B532006469F3 /* Info.plist */,
				846971EA1BAC8A620089B4DB /* XPCService.swift */,
				846971E81BAC8A400089B4DB /* XPCServiceProtocol.swift */,
			);
			name = "Supporting Files";
			sourceTree = "<group>";
		};
/* End PBXGroup section */

/* Begin PBXNativeTarget section */
		84EE68181BA5B374006469F3 /* SimpleXPCService */ = {
			isa = PBXNativeTarget;
			buildConfigurationList = 84EE68351BA5B374006469F3 /* Build configuration list for PBXNativeTarget "SimpleXPCService" */;
			buildPhases = (
				84EE68151BA5B374006469F3 /* Sources */,
				84EE68161BA5B374006469F3 /* Frameworks */,
				84EE68171BA5B374006469F3 /* Resources */,
				84EE684B1BA5B532006469F3 /* Embed XPC Services */,
			);
			buildRules = (
			);
			dependencies = (
				84EE684A1BA5B532006469F3 /* PBXTargetDependency */,
			);
			name = SimpleXPCService;
			productName = SimpleXPCService;
			productReference = 84EE68191BA5B374006469F3 /* SimpleXPCService.app */;
			productType = "com.apple.product-type.application";
		};
		84EE682A1BA5B374006469F3 /* SimpleXPCServiceTests */ = {
			isa = PBXNativeTarget;
			buildConfigurationList = 84EE68381BA5B374006469F3 /* Build configuration list for PBXNativeTarget "SimpleXPCServiceTests" */;
			buildPhases = (
				84EE68271BA5B374006469F3 /* Sources */,
				84EE68281BA5B374006469F3 /* Frameworks */,
				84EE68291BA5B374006469F3 /* Resources */,
			);
			buildRules = (
			);
			dependencies = (
				84EE682D1BA5B374006469F3 /* PBXTargetDependency */,
			);
			name = SimpleXPCServiceTests;
			productName = SimpleXPCServiceTests;
			productReference = 84EE682B1BA5B374006469F3 /* SimpleXPCServiceTests.xctest */;
			productType = "com.apple.product-type.bundle.unit-test";
		};
		84EE683E1BA5B532006469F3 /* XPCService */ = {
			isa = PBXNativeTarget;
			buildConfigurationList = 84EE684D1BA5B532006469F3 /* Build configuration list for PBXNativeTarget "XPCService" */;
			buildPhases = (
				84EE683B1BA5B532006469F3 /* Sources */,
				84EE683C1BA5B532006469F3 /* Frameworks */,
				84EE683D1BA5B532006469F3 /* Resources */,
			);
			buildRules = (
			);
			dependencies = (
			);
			name = XPCService;
			productName = XPCService;
			productReference = 84EE683F1BA5B532006469F3 /* XPCService.xpc */;
			productType = "com.apple.product-type.xpc-service";
		};
/* End PBXNativeTarget section */

/* Begin PBXProject section */
		84EE68111BA5B374006469F3 /* Project object */ = {
			isa = PBXProject;
			attributes = {
				LastSwiftUpdateCheck = 0700;
				LastUpgradeCheck = 0640;
				ORGANIZATIONNAME = Admin;
				TargetAttributes = {
					84EE68181BA5B374006469F3 = {
						CreatedOnToolsVersion = 6.4;
					};
					84EE682A1BA5B374006469F3 = {
						CreatedOnToolsVersion = 6.4;
						TestTargetID = 84EE68181BA5B374006469F3;
					};
					84EE683E1BA5B532006469F3 = {
						CreatedOnToolsVersion = 6.4;
					};
				};
			};
			buildConfigurationList = 84EE68141BA5B374006469F3 /* Build configuration list for PBXProject "SimpleXPCService" */;
			compatibilityVersion = "Xcode 3.2";
			developmentRegion = English;
			hasScannedForEncodings = 0;
			knownRegions = (
				en,
				Base,
			);
			mainGroup = 84EE68101BA5B374006469F3;
			productRefGroup = 84EE681A1BA5B374006469F3 /* Products */;
			projectDirPath = "";
			projectRoot = "";
			targets = (
				84EE68181BA5B374006469F3 /* SimpleXPCService */,
				84EE682A1BA5B374006469F3 /* SimpleXPCServiceTests */,
				84EE683E1BA5B532006469F3 /* XPCService */,
			);
		};
/* End PBXProject section */

/* Begin PBXResourcesBuildPhase section */
		84EE68171BA5B374006469F3 /* Resources */ = {
			isa = PBXResourcesBuildPhase;
			buildActionMask = 2147483647;
			files = (
				84EE68231BA5B374006469F3 /* Images.xcassets in Resources */,
				84EE68261BA5B374006469F3 /* Main.storyboard in Resources */,
			);
			runOnlyForDeploymentPostprocessing = 0;
		};
		84EE68291BA5B374006469F3 /* Resources */ = {
			isa = PBXResourcesBuildPhase;
			buildActionMask = 2147483647;
			files = (
			);
			runOnlyForDeploymentPostprocessing = 0;
		};
		84EE683D1BA5B532006469F3 /* Resources */ = {
			isa = PBXResourcesBuildPhase;
			buildActionMask = 2147483647;
			files = (
			);
			runOnlyForDeploymentPostprocessing = 0;
		};
/* End PBXResourcesBuildPhase section */

/* Begin PBXSourcesBuildPhase section */
		84EE68151BA5B374006469F3 /* Sources */ = {
			isa = PBXSourcesBuildPhase;
			buildActionMask = 2147483647;
			files = (
				84EE68211BA5B374006469F3 /* ViewController.swift in Sources */,
				84EE681F1BA5B374006469F3 /* AppDelegate.swift in Sources */,
				840C19F71BA99A8C00546E9E /* XPCConection.swift in Sources */,
				840C19F91BA99BE500546E9E /* ImageLoadProtocol.swift in Sources */,
			);
			runOnlyForDeploymentPostprocessing = 0;
		};
		84EE68271BA5B374006469F3 /* Sources */ = {
			isa = PBXSourcesBuildPhase;
			buildActionMask = 2147483647;
			files = (
				84EE68321BA5B374006469F3 /* SimpleXPCServiceTests.swift in Sources */,
			);
			runOnlyForDeploymentPostprocessing = 0;
		};
		84EE683B1BA5B532006469F3 /* Sources */ = {
			isa = PBXSourcesBuildPhase;
			buildActionMask = 2147483647;
			files = (
				84EE68481BA5B532006469F3 /* main.m in Sources */,
				846971E91BAC8A400089B4DB /* XPCServiceProtocol.swift in Sources */,
				84EE68461BA5B532006469F3 /* XPCService.m in Sources */,
				846971EB1BAC8A620089B4DB /* XPCService.swift in Sources */,
			);
			runOnlyForDeploymentPostprocessing = 0;
		};
/* End PBXSourcesBuildPhase section */

/* Begin PBXTargetDependency section */
		84EE682D1BA5B374006469F3 /* PBXTargetDependency */ = {
			isa = PBXTargetDependency;
			target = 84EE68181BA5B374006469F3 /* SimpleXPCService */;
			targetProxy = 84EE682C1BA5B374006469F3 /* PBXContainerItemProxy */;
		};
		84EE684A1BA5B532006469F3 /* PBXTargetDependency */ = {
			isa = PBXTargetDependency;
			target = 84EE683E1BA5B532006469F3 /* XPCService */;
			targetProxy = 84EE68491BA5B532006469F3 /* PBXContainerItemProxy */;
		};
/* End PBXTargetDependency section */

/* Begin PBXVariantGroup section */
		84EE68241BA5B374006469F3 /* Main.storyboard */ = {
			isa = PBXVariantGroup;
			children = (
				84EE68251BA5B374006469F3 /* Base */,
			);
			name = Main.storyboard;
			sourceTree = "<group>";
		};
/* End PBXVariantGroup section */

/* Begin XCBuildConfiguration section */
		84EE68331BA5B374006469F3 /* Debug */ = {
			isa = XCBuildConfiguration;
			buildSettings = {
				ALWAYS_SEARCH_USER_PATHS = NO;
				CLANG_CXX_LANGUAGE_STANDARD = "gnu++0x";
				CLANG_CXX_LIBRARY = "libc++";
				CLANG_ENABLE_MODULES = YES;
				CLANG_ENABLE_OBJC_ARC = YES;
				CLANG_WARN_BOOL_CONVERSION = YES;
				CLANG_WARN_CONSTANT_CONVERSION = YES;
				CLANG_WARN_DIRECT_OBJC_ISA_USAGE = YES_ERROR;
				CLANG_WARN_EMPTY_BODY = YES;
				CLANG_WARN_ENUM_CONVERSION = YES;
				CLANG_WARN_INT_CONVERSION = YES;
				CLANG_WARN_OBJC_ROOT_CLASS = YES_ERROR;
				CLANG_WARN_UNREACHABLE_CODE = YES;
				CLANG_WARN__DUPLICATE_METHOD_MATCH = YES;
				CODE_SIGN_IDENTITY = "-";
				COPY_PHASE_STRIP = NO;
				DEBUG_INFORMATION_FORMAT = dwarf;
				ENABLE_STRICT_OBJC_MSGSEND = YES;
				GCC_C_LANGUAGE_STANDARD = gnu99;
				GCC_DYNAMIC_NO_PIC = NO;
				GCC_NO_COMMON_BLOCKS = YES;
				GCC_OPTIMIZATION_LEVEL = 0;
				GCC_PREPROCESSOR_DEFINITIONS = (
					"DEBUG=1",
					"$(inherited)",
				);
				GCC_SYMBOLS_PRIVATE_EXTERN = NO;
				GCC_WARN_64_TO_32_BIT_CONVERSION = YES;
				GCC_WARN_ABOUT_RETURN_TYPE = YES_ERROR;
				GCC_WARN_UNDECLARED_SELECTOR = YES;
				GCC_WARN_UNINITIALIZED_AUTOS = YES_AGGRESSIVE;
				GCC_WARN_UNUSED_FUNCTION = YES;
				GCC_WARN_UNUSED_VARIABLE = YES;
				MACOSX_DEPLOYMENT_TARGET = 10.10;
				MTL_ENABLE_DEBUG_INFO = YES;
				ONLY_ACTIVE_ARCH = YES;
				SDKROOT = macosx;
				SWIFT_OPTIMIZATION_LEVEL = "-Onone";
			};
			name = Debug;
		};
		84EE68341BA5B374006469F3 /* Release */ = {
			isa = XCBuildConfiguration;
			buildSettings = {
				ALWAYS_SEARCH_USER_PATHS = NO;
				CLANG_CXX_LANGUAGE_STANDARD = "gnu++0x";
				CLANG_CXX_LIBRARY = "libc++";
				CLANG_ENABLE_MODULES = YES;
				CLANG_ENABLE_OBJC_ARC = YES;
				CLANG_WARN_BOOL_CONVERSION = YES;
				CLANG_WARN_CONSTANT_CONVERSION = YES;
				CLANG_WARN_DIRECT_OBJC_ISA_USAGE = YES_ERROR;
				CLANG_WARN_EMPTY_BODY = YES;
				CLANG_WARN_ENUM_CONVERSION = YES;
				CLANG_WARN_INT_CONVERSION = YES;
				CLANG_WARN_OBJC_ROOT_CLASS = YES_ERROR;
				CLANG_WARN_UNREACHABLE_CODE = YES;
				CLANG_WARN__DUPLICATE_METHOD_MATCH = YES;
				CODE_SIGN_IDENTITY = "-";
				COPY_PHASE_STRIP = NO;
				DEBUG_INFORMATION_FORMAT = "dwarf-with-dsym";
				ENABLE_NS_ASSERTIONS = NO;
				ENABLE_STRICT_OBJC_MSGSEND = YES;
				GCC_C_LANGUAGE_STANDARD = gnu99;
				GCC_NO_COMMON_BLOCKS = YES;
				GCC_WARN_64_TO_32_BIT_CONVERSION = YES;
				GCC_WARN_ABOUT_RETURN_TYPE = YES_ERROR;
				GCC_WARN_UNDECLARED_SELECTOR = YES;
				GCC_WARN_UNINITIALIZED_AUTOS = YES_AGGRESSIVE;
				GCC_WARN_UNUSED_FUNCTION = YES;
				GCC_WARN_UNUSED_VARIABLE = YES;
				MACOSX_DEPLOYMENT_TARGET = 10.10;
				MTL_ENABLE_DEBUG_INFO = NO;
				SDKROOT = macosx;
			};
			name = Release;
		};
		84EE68361BA5B374006469F3 /* Debug */ = {
			isa = XCBuildConfiguration;
			buildSettings = {
				ASSETCATALOG_COMPILER_APPICON_NAME = AppIcon;
				COMBINE_HIDPI_IMAGES = YES;
				INFOPLIST_FILE = SimpleXPCService/Info.plist;
				LD_RUNPATH_SEARCH_PATHS = "$(inherited) @executable_path/../Frameworks";
				PRODUCT_NAME = "$(TARGET_NAME)";
			};
			name = Debug;
		};
		84EE68371BA5B374006469F3 /* Release */ = {
			isa = XCBuildConfiguration;
			buildSettings = {
				ASSETCATALOG_COMPILER_APPICON_NAME = AppIcon;
				COMBINE_HIDPI_IMAGES = YES;
				INFOPLIST_FILE = SimpleXPCService/Info.plist;
				LD_RUNPATH_SEARCH_PATHS = "$(inherited) @executable_path/../Frameworks";
				PRODUCT_NAME = "$(TARGET_NAME)";
			};
			name = Release;
		};
		84EE68391BA5B374006469F3 /* Debug */ = {
			isa = XCBuildConfiguration;
			buildSettings = {
				BUNDLE_LOADER = "$(TEST_HOST)";
				COMBINE_HIDPI_IMAGES = YES;
				FRAMEWORK_SEARCH_PATHS = (
					"$(DEVELOPER_FRAMEWORKS_DIR)",
					"$(inherited)",
				);
				GCC_PREPROCESSOR_DEFINITIONS = (
					"DEBUG=1",
					"$(inherited)",
				);
				INFOPLIST_FILE = SimpleXPCServiceTests/Info.plist;
				LD_RUNPATH_SEARCH_PATHS = "$(inherited) @executable_path/../Frameworks @loader_path/../Frameworks";
				PRODUCT_NAME = "$(TARGET_NAME)";
				TEST_HOST = "$(BUILT_PRODUCTS_DIR)/SimpleXPCService.app/Contents/MacOS/SimpleXPCService";
			};
			name = Debug;
		};
		84EE683A1BA5B374006469F3 /* Release */ = {
			isa = XCBuildConfiguration;
			buildSettings = {
				BUNDLE_LOADER = "$(TEST_HOST)";
				COMBINE_HIDPI_IMAGES = YES;
				FRAMEWORK_SEARCH_PATHS = (
					"$(DEVELOPER_FRAMEWORKS_DIR)",
					"$(inherited)",
				);
				INFOPLIST_FILE = SimpleXPCServiceTests/Info.plist;
				LD_RUNPATH_SEARCH_PATHS = "$(inherited) @executable_path/../Frameworks @loader_path/../Frameworks";
				PRODUCT_NAME = "$(TARGET_NAME)";
				TEST_HOST = "$(BUILT_PRODUCTS_DIR)/SimpleXPCService.app/Contents/MacOS/SimpleXPCService";
			};
			name = Release;
		};
		84EE684E1BA5B532006469F3 /* Debug */ = {
			isa = XCBuildConfiguration;
			buildSettings = {
				CLANG_ENABLE_MODULES = YES;
				COMBINE_HIDPI_IMAGES = YES;
				EMBEDDED_CONTENT_CONTAINS_SWIFT = YES;
				GCC_PREPROCESSOR_DEFINITIONS = (
					"DEBUG=1",
					"$(inherited)",
				);
				INFOPLIST_FILE = XPCService/Info.plist;
				LD_RUNPATH_SEARCH_PATHS = "$(inherited) @executable_path/../Frameworks @loader_path/../Frameworks";
				PRODUCT_NAME = "$(TARGET_NAME)";
				SKIP_INSTALL = YES;
				SWIFT_OBJC_BRIDGING_HEADER = "XPCService/XPCService-Bridging-Header.h";
				SWIFT_OPTIMIZATION_LEVEL = "-Onone";
			};
			name = Debug;
		};
		84EE684F1BA5B532006469F3 /* Release */ = {
			isa = XCBuildConfiguration;
			buildSettings = {
				CLANG_ENABLE_MODULES = YES;
				COMBINE_HIDPI_IMAGES = YES;
				EMBEDDED_CONTENT_CONTAINS_SWIFT = YES;
				INFOPLIST_FILE = XPCService/Info.plist;
				LD_RUNPATH_SEARCH_PATHS = "$(inherited) @executable_path/../Frameworks @loader_path/../Frameworks";
				PRODUCT_NAME = "$(TARGET_NAME)";
				SKIP_INSTALL = YES;
				SWIFT_OBJC_BRIDGING_HEADER = "XPCService/XPCService-Bridging-Header.h";
			};
			name = Release;
		};
/* End XCBuildConfiguration section */

/* Begin XCConfigurationList section */
		84EE68141BA5B374006469F3 /* Build configuration list for PBXProject "SimpleXPCService" */ = {
			isa = XCConfigurationList;
			buildConfigurations = (
				84EE68331BA5B374006469F3 /* Debug */,
				84EE68341BA5B374006469F3 /* Release */,
			);
			defaultConfigurationIsVisible = 0;
			defaultConfigurationName = Release;
		};
		84EE68351BA5B374006469F3 /* Build configuration list for PBXNativeTarget "SimpleXPCService" */ = {
			isa = XCConfigurationList;
			buildConfigurations = (
				84EE68361BA5B374006469F3 /* Debug */,
				84EE68371BA5B374006469F3 /* Release */,
			);
			defaultConfigurationIsVisible = 0;
			defaultConfigurationName = Release;
		};
		84EE68381BA5B374006469F3 /* Build configuration list for PBXNativeTarget "SimpleXPCServiceTests" */ = {
			isa = XCConfigurationList;
			buildConfigurations = (
				84EE68391BA5B374006469F3 /* Debug */,
				84EE683A1BA5B374006469F3 /* Release */,
			);
			defaultConfigurationIsVisible = 0;
			defaultConfigurationName = Release;
		};
		84EE684D1BA5B532006469F3 /* Build configuration list for PBXNativeTarget "XPCService" */ = {
			isa = XCConfigurationList;
			buildConfigurations = (
				84EE684E1BA5B532006469F3 /* Debug */,
				84EE684F1BA5B532006469F3 /* Release */,
			);
			defaultConfigurationIsVisible = 0;
			defaultConfigurationName = Release;
		};
/* End XCConfigurationList section */
	};
	rootObject = 84EE68111BA5B374006469F3 /* Project object */;
}
